
Microsoft Visual Studio Solution File, Format Version 12.00
# Visual Studio Version 17
VisualStudioVersion = 17.7.34202.233
MinimumVisualStudioVersion = 10.0.40219.1
Project("{FAE04EC0-301F-11D3-BF4B-00C04F79EFBC}") = "AppAgenda.Android", "AppAgenda.Android\AppAgenda.Android.csproj", "{BE3597F2-FBC4-48AF-8254-CAD0A4AF83B5}"
EndProject
Project("{FAE04EC0-301F-11D3-BF4B-00C04F79EFBC}") = "AppAgenda.iOS", "AppAgenda.iOS\AppAgenda.iOS.csproj", "{6E3C75E0-4B32-45CA-AF75-2ABEBE6691EA}"
EndProject
Project("{FAE04EC0-301F-11D3-BF4B-00C04F79EFBC}") = "AppAgenda", "AppAgenda\AppAgenda.csproj", "{97A1FD01-BCC7-4D37-A2A7-A946A35FFDFA}"
EndProject
Global
	GlobalSection(SolutionConfigurationPlatforms) = preSolution
		Debug|Any CPU = Debug|Any CPU
		Debug|iPhone = Debug|iPhone
		Debug|iPhoneSimulator = Debug|iPhoneSimulator
		Release|Any CPU = Release|Any CPU
		Release|iPhone = Release|iPhone
		Release|iPhoneSimulator = Release|iPhoneSimulator
	EndGlobalSection
	GlobalSection(ProjectConfigurationPlatforms) = postSolution
		{BE3597F2-FBC4-48AF-8254-CAD0A4AF83B5}.Debug|Any CPU.ActiveCfg = Debug|Any CPU
		{BE3597F2-FBC4-48AF-8254-CAD0A4AF83B5}.Debug|Any CPU.Build.0 = Debug|Any CPU
		{BE3597F2-FBC4-48AF-8254-CAD0A4AF83B5}.Debug|Any CPU.Deploy.0 = Debug|Any CPU
		{BE3597F2-FBC4-48AF-8254-CAD0A4AF83B5}.Debug|iPhone.ActiveCfg = Debug|Any CPU
		{BE3597F2-FBC4-48AF-8254-CAD0A4AF83B5}.Debug|iPhone.Build.0 = Debug|Any CPU
		{BE3597F2-FBC4-48AF-8254-CAD0A4AF83B5}.Debug|iPhone.Deploy.0 = Debug|Any CPU
		{BE3597F2-FBC4-48AF-8254-CAD0A4AF83B5}.Debug|iPhoneSimulator.ActiveCfg = Debug|Any CPU
		{BE3597F2-FBC4-48AF-8254-CAD0A4AF83B5}.Debug|iPhoneSimulator.Build.0 = Debug|Any CPU
		{BE3597F2-FBC4-48AF-8254-CAD0A4AF83B5}.Debug|iPhoneSimulator.Deploy.0 = Debug|Any CPU
		{BE3597F2-FBC4-48AF-8254-CAD0A4AF83B5}.Release|Any CPU.ActiveCfg = Release|Any CPU
		{BE3597F2-FBC4-48AF-8254-CAD0A4AF83B5}.Release|Any CPU.Build.0 = Release|Any CPU
		{BE3597F2-FBC4-48AF-8254-CAD0A4AF83B5}.Release|Any CPU.Deploy.0 = Release|Any CPU
		{BE3597F2-FBC4-48AF-8254-CAD0A4AF83B5}.Release|iPhone.ActiveCfg = Release|Any CPU
		{BE3597F2-FBC4-48AF-8254-CAD0A4AF83B5}.Release|iPhone.Build.0 = Release|Any CPU
		{BE3597F2-FBC4-48AF-8254-CAD0A4AF83B5}.Release|iPhone.Deploy.0 = Release|Any CPU
		{BE3597F2-FBC4-48AF-8254-CAD0A4AF83B5}.Release|iPhoneSimulator.ActiveCfg = Release|Any CPU
		{BE3597F2-FBC4-48AF-8254-CAD0A4AF83B5}.Release|iPhoneSimulator.Build.0 = Release|Any CPU
		{BE3597F2-FBC4-48AF-8254-CAD0A4AF83B5}.Release|iPhoneSimulator.Deploy.0 = Release|Any CPU
		{6E3C75E0-4B32-45CA-AF75-2ABEBE6691EA}.Debug|Any CPU.ActiveCfg = Debug|iPhone
		{6E3C75E0-4B32-45CA-AF75-2ABEBE6691EA}.Debug|Any CPU.Build.0 = Debug|iPhone
		{6E3C75E0-4B32-45CA-AF75-2ABEBE6691EA}.Debug|Any CPU.Deploy.0 = Debug|iPhone
		{6E3C75E0-4B32-45CA-AF75-2ABEBE6691EA}.Debug|iPhone.ActiveCfg = Debug|iPhone
		{6E3C75E0-4B32-45CA-AF75-2ABEBE6691EA}.Debug|iPhone.Build.0 = Debug|iPhone
		{6E3C75E0-4B32-45CA-AF75-2ABEBE6691EA}.Debug|iPhone.Deploy.0 = Debug|iPhone
		{6E3C75E0-4B32-45CA-AF75-2ABEBE6691EA}.Debug|iPhoneSimulator.ActiveCfg = Debug|iPhoneSimulator
		{6E3C75E0-4B32-45CA-AF75-2ABEBE6691EA}.Debug|iPhoneSimulator.Build.0 = Debug|iPhoneSimulator
		{6E3C75E0-4B32-45CA-AF75-2ABEBE6691EA}.Debug|iPhoneSimulator.Deploy.0 = Debug|iPhoneSimulator
		{6E3C75E0-4B32-45CA-AF75-2ABEBE6691EA}.Release|Any CPU.ActiveCfg = Release|iPhoneSimulator
		{6E3C75E0-4B32-45CA-AF75-2ABEBE6691EA}.Release|Any CPU.Build.0 = Release|iPhoneSimulator
		{6E3C75E0-4B32-45CA-AF75-2ABEBE6691EA}.Release|Any CPU.Deploy.0 = Release|iPhoneSimulator
		{6E3C75E0-4B32-45CA-AF75-2ABEBE6691EA}.Release|iPhone.ActiveCfg = Release|iPhone
		{6E3C75E0-4B32-45CA-AF75-2ABEBE6691EA}.Release|iPhone.Build.0 = Release|iPhone
		{6E3C75E0-4B32-45CA-AF75-2ABEBE6691EA}.Release|iPhone.Deploy.0 = Release|iPhone
		{6E3C75E0-4B32-45CA-AF75-2ABEBE6691EA}.Release|iPhoneSimulator.ActiveCfg = Release|iPhoneSimulator
		{6E3C75E0-4B32-45CA-AF75-2ABEBE6691EA}.Release|iPhoneSimulator.Build.0 = Release|iPhoneSimulator
		{6E3C75E0-4B32-45CA-AF75-2ABEBE6691EA}.Release|iPhoneSimulator.Deploy.0 = Release|iPhoneSimulator
		{97A1FD01-BCC7-4D37-A2A7-A946A35FFDFA}.Debug|Any CPU.ActiveCfg = Debug|Any CPU
		{97A1FD01-BCC7-4D37-A2A7-A946A35FFDFA}.Debug|Any CPU.Build.0 = Debug|Any CPU
		{97A1FD01-BCC7-4D37-A2A7-A946A35FFDFA}.Debug|Any CPU.Deploy.0 = Debug|Any CPU
		{97A1FD01-BCC7-4D37-A2A7-A946A35FFDFA}.Debug|iPhone.ActiveCfg = Debug|Any CPU
		{97A1FD01-BCC7-4D37-A2A7-A946A35FFDFA}.Debug|iPhone.Build.0 = Debug|Any CPU
		{97A1FD01-BCC7-4D37-A2A7-A946A35FFDFA}.Debug|iPhone.Deploy.0 = Debug|Any CPU
		{97A1FD01-BCC7-4D37-A2A7-A946A35FFDFA}.Debug|iPhoneSimulator.ActiveCfg = Debug|Any CPU
		{97A1FD01-BCC7-4D37-A2A7-A946A35FFDFA}.Debug|iPhoneSimulator.Build.0 = Debug|Any CPU
		{97A1FD01-BCC7-4D37-A2A7-A946A35FFDFA}.Debug|iPhoneSimulator.Deploy.0 = Debug|Any CPU
		{97A1FD01-BCC7-4D37-A2A7-A946A35FFDFA}.Release|Any CPU.ActiveCfg = Release|Any CPU
		{97A1FD01-BCC7-4D37-A2A7-A946A35FFDFA}.Release|Any CPU.Build.0 = Release|Any CPU
		{97A1FD01-BCC7-4D37-A2A7-A946A35FFDFA}.Release|Any CPU.Deploy.0 = Release|Any CPU
		{97A1FD01-BCC7-4D37-A2A7-A946A35FFDFA}.Release|iPhone.ActiveCfg = Release|Any CPU
		{97A1FD01-BCC7-4D37-A2A7-A946A35FFDFA}.Release|iPhone.Build.0 = Release|Any CPU
		{97A1FD01-BCC7-4D37-A2A7-A946A35FFDFA}.Release|iPhone.Deploy.0 = Release|Any CPU
		{97A1FD01-BCC7-4D37-A2A7-A946A35FFDFA}.Release|iPhoneSimulator.ActiveCfg = Release|Any CPU
		{97A1FD01-BCC7-4D37-A2A7-A946A35FFDFA}.Release|iPhoneSimulator.Build.0 = Release|Any CPU
		{97A1FD01-BCC7-4D37-A2A7-A946A35FFDFA}.Release|iPhoneSimulator.Deploy.0 = Release|Any CPU
	EndGlobalSection
	GlobalSection(SolutionProperties) = preSolution
		HideSolutionNode = FALSE
	EndGlobalSection
	GlobalSection(ExtensibilityGlobals) = postSolution
		SolutionGuid = {2418BA11-DAEE-4E06-8D90-7C18C7A17675}
	EndGlobalSection
EndGlobal
